{
  "name": "browserify",
  "version": "1.0.0",
  "lockfileVersion": 1,
  "requires": true,
  "dependencies": {
    "cwy-number-add": {
      "version": "file:../../npm/cwy-number-add/cwy-number-add-1.0.0.tgz",
      "integrity": "sha512-GUuwEIAmvOJJavuhuG/Dms+tixppS4Kqq8jk3KGSdza8G+IO4+jfBameCuP1bqr9twveT5kCuRVgOi4K0VBSXA=="
    },
    "uniq": {
      "version": "1.0.1",
      "resolved": "https://registry.npmmirror.com/uniq/download/uniq-1.0.1.tgz",
      "integrity": "sha512-Gw+zz50YNKPDKXs+9d+aKAjVwpjNwqzvNpLigIruT4HA9lMZNdMqs9x07kKHB/L9WRzqp4+DlTU5s4wG2esdoA==",
      "dev": true
    }
  }
}
